// !$*UTF8*$!
{
	archiveVersion = 1;
	classes = {
	};
	objectVersion = 50;
	objects = {

/* Begin PBXBuildFile section */
		B95A6E332636A54700DF8794 /* AppDelegate.swift in Sources */ = {isa = PBXBuildFile; fileRef = B95A6E322636A54700DF8794 /* AppDelegate.swift */; };
		B95A6E352636A54700DF8794 /* SceneDelegate.swift in Sources */ = {isa = PBXBuildFile; fileRef = B95A6E342636A54700DF8794 /* SceneDelegate.swift */; };
		B95A6E372636A54700DF8794 /* ViewController.swift in Sources */ = {isa = PBXBuildFile; fileRef = B95A6E362636A54700DF8794 /* ViewController.swift */; };
		B95A6E3A2636A54700DF8794 /* Main.storyboard in Resources */ = {isa = PBXBuildFile; fileRef = B95A6E382636A54700DF8794 /* Main.storyboard */; };
		B95A6E3C2636A54800DF8794 /* Assets.xcassets in Resources */ = {isa = PBXBuildFile; fileRef = B95A6E3B2636A54800DF8794 /* Assets.xcassets */; };
		B95A6E3F2636A54800DF8794 /* LaunchScreen.storyboard in Resources */ = {isa = PBXBuildFile; fileRef = B95A6E3D2636A54800DF8794 /* LaunchScreen.storyboard */; };
		B95A6E4A2636A54800DF8794 /* DogooTests.swift in Sources */ = {isa = PBXBuildFile; fileRef = B95A6E492636A54800DF8794 /* DogooTests.swift */; };
		B95A6E552636A54800DF8794 /* DogooUITests.swift in Sources */ = {isa = PBXBuildFile; fileRef = B95A6E542636A54800DF8794 /* DogooUITests.swift */; };
/* End PBXBuildFile section */

/* Begin PBXContainerItemProxy section */
		B95A6E462636A54800DF8794 /* PBXContainerItemProxy */ = {
			isa = PBXContainerItemProxy;
			containerPortal = B95A6E272636A54700DF8794 /* Project object */;
			proxyType = 1;
			remoteGlobalIDString = B95A6E2E2636A54700DF8794;
			remoteInfo = Dogoo;
		};
		B95A6E512636A54800DF8794 /* PBXContainerItemProxy */ = {
			isa = PBXContainerItemProxy;
			containerPortal = B95A6E272636A54700DF8794 /* Project object */;
			proxyType = 1;
			remoteGlobalIDString = B95A6E2E2636A54700DF8794;
			remoteInfo = Dogoo;
		};
/* End PBXContainerItemProxy section */

/* Begin PBXFileReference section */
		B95A6E2F2636A54700DF8794 /* Dogoo.app */ = {isa = PBXFileReference; explicitFileType = wrapper.application; includeInIndex = 0; path = Dogoo.app; sourceTree = BUILT_PRODUCTS_DIR; };
		B95A6E322636A54700DF8794 /* AppDelegate.swift */ = {isa = PBXFileReference; lastKnownFileType = sourcecode.swift; path = AppDelegate.swift; sourceTree = "<group>"; };
		B95A6E342636A54700DF8794 /* SceneDelegate.swift */ = {isa = PBXFileReference; lastKnownFileType = sourcecode.swift; path = SceneDelegate.swift; sourceTree = "<group>"; };
		B95A6E362636A54700DF8794 /* ViewController.swift */ = {isa = PBXFileReference; lastKnownFileType = sourcecode.swift; path = ViewController.swift; sourceTree = "<group>"; };
		B95A6E392636A54700DF8794 /* Base */ = {isa = PBXFileReference; lastKnownFileType = file.storyboard; name = Base; path = Base.lproj/Main.storyboard; sourceTree = "<group>"; };
		B95A6E3B2636A54800DF8794 /* Assets.xcassets */ = {isa = PBXFileReference; lastKnownFileType = folder.assetcatalog; path = Assets.xcassets; sourceTree = "<group>"; };
		B95A6E3E2636A54800DF8794 /* Base */ = {isa = PBXFileReference; lastKnownFileType = file.storyboard; name = Base; path = Base.lproj/LaunchScreen.storyboard; sourceTree = "<group>"; };
		B95A6E402636A54800DF8794 /* Info.plist */ = {isa = PBXFileReference; lastKnownFileType = text.plist.xml; path = Info.plist; sourceTree = "<group>"; };
		B95A6E452636A54800DF8794 /* DogooTests.xctest */ = {isa = PBXFileReference; explicitFileType = wrapper.cfbundle; includeInIndex = 0; path = DogooTests.xctest; sourceTree = BUILT_PRODUCTS_DIR; };
		B95A6E492636A54800DF8794 /* DogooTests.swift */ = {isa = PBXFileReference; lastKnownFileType = sourcecode.swift; path = DogooTests.swift; sourceTree = "<group>"; };
		B95A6E4B2636A54800DF8794 /* Info.plist */ = {isa = PBXFileReference; lastKnownFileType = text.plist.xml; path = Info.plist; sourceTree = "<group>"; };
		B95A6E502636A54800DF8794 /* DogooUITests.xctest */ = {isa = PBXFileReference; explicitFileType = wrapper.cfbundle; includeInIndex = 0; path = DogooUITests.xctest; sourceTree = BUILT_PRODUCTS_DIR; };
		B95A6E542636A54800DF8794 /* DogooUITests.swift */ = {isa = PBXFileReference; lastKnownFileType = sourcecode.swift; path = DogooUITests.swift; sourceTree = "<group>"; };
		B95A6E562636A54800DF8794 /* Info.plist */ = {isa = PBXFileReference; lastKnownFileType = text.plist.xml; path = Info.plist; sourceTree = "<group>"; };
/* End PBXFileReference section */

/* Begin PBXFrameworksBuildPhase section */
		B95A6E2C2636A54700DF8794 /* Frameworks */ = {
			isa = PBXFrameworksBuildPhase;
			buildActionMask = 2147483647;
			files = (
			);
			runOnlyForDeploymentPostprocessing = 0;
		};
		B95A6E422636A54800DF8794 /* Frameworks */ = {
			isa = PBXFrameworksBuildPhase;
			buildActionMask = 2147483647;
			files = (
			);
			runOnlyForDeploymentPostprocessing = 0;
		};
		B95A6E4D2636A54800DF8794 /* Frameworks */ = {
			isa = PBXFrameworksBuildPhase;
			buildActionMask = 2147483647;
			files = (
			);
			runOnlyForDeploymentPostprocessing = 0;
		};
/* End PBXFrameworksBuildPhase section */

/* Begin PBXGroup section */
		B95A6E262636A54700DF8794 = {
			isa = PBXGroup;
			children = (
				B95A6E312636A54700DF8794 /* Dogoo */,
				B95A6E482636A54800DF8794 /* DogooTests */,
				B95A6E532636A54800DF8794 /* DogooUITests */,
				B95A6E302636A54700DF8794 /* Products */,
			);
			sourceTree = "<group>";
		};
		B95A6E302636A54700DF8794 /* Products */ = {
			isa = PBXGroup;
			children = (
				B95A6E2F2636A54700DF8794 /* Dogoo.app */,
				B95A6E452636A54800DF8794 /* DogooTests.xctest */,
				B95A6E502636A54800DF8794 /* DogooUITests.xctest */,
			);
			name = Products;
			sourceTree = "<group>";
		};
		B95A6E312636A54700DF8794 /* Dogoo */ = {
			isa = PBXGroup;
			children = (
				B95A6E322636A54700DF8794 /* AppDelegate.swift */,
				B95A6E342636A54700DF8794 /* SceneDelegate.swift */,
				B95A6E362636A54700DF8794 /* ViewController.swift */,
				B95A6E382636A54700DF8794 /* Main.storyboard */,
				B95A6E3B2636A54800DF8794 /* Assets.xcassets */,
				B95A6E3D2636A54800DF8794 /* LaunchScreen.storyboard */,
				B95A6E402636A54800DF8794 /* Info.plist */,
			);
			path = Dogoo;
			sourceTree = "<group>";
		};
		B95A6E482636A54800DF8794 /* DogooTests */ = {
			isa = PBXGroup;
			children = (
				B95A6E492636A54800DF8794 /* DogooTests.swift */,
				B95A6E4B2636A54800DF8794 /* Info.plist */,
			);
			path = DogooTests;
			sourceTree = "<group>";
		};
		B95A6E532636A54800DF8794 /* DogooUITests */ = {
			isa = PBXGroup;
			children = (
				B95A6E542636A54800DF8794 /* DogooUITests.swift */,
				B95A6E562636A54800DF8794 /* Info.plist */,
			);
			path = DogooUITests;
			sourceTree = "<group>";
		};
/* End PBXGroup section */

/* Begin PBXNativeTarget section */
		B95A6E2E2636A54700DF8794 /* Dogoo */ = {
			isa = PBXNativeTarget;
			buildConfigurationList = B95A6E592636A54800DF8794 /* Build configuration list for PBXNativeTarget "Dogoo" */;
			buildPhases = (
				B95A6E2B2636A54700DF8794 /* Sources */,
				B95A6E2C2636A54700DF8794 /* Frameworks */,
				B95A6E2D2636A54700DF8794 /* Resources */,
			);
			buildRules = (
			);
			dependencies = (
			);
			name = Dogoo;
			productName = Dogoo;
			productReference = B95A6E2F2636A54700DF8794 /* Dogoo.app */;
			productType = "com.apple.product-type.application";
		};
		B95A6E442636A54800DF8794 /* DogooTests */ = {
			isa = PBXNativeTarget;
			buildConfigurationList = B95A6E5C2636A54800DF8794 /* Build configuration list for PBXNativeTarget "DogooTests" */;
			buildPhases = (
				B95A6E412636A54800DF8794 /* Sources */,
				B95A6E422636A54800DF8794 /* Frameworks */,
				B95A6E432636A54800DF8794 /* Resources */,
			);
			buildRules = (
			);
			dependencies = (
				B95A6E472636A54800DF8794 /* PBXTargetDependency */,
			);
			name = DogooTests;
			productName = DogooTests;
			productReference = B95A6E452636A54800DF8794 /* DogooTests.xctest */;
			productType = "com.apple.product-type.bundle.unit-test";
		};
		B95A6E4F2636A54800DF8794 /* DogooUITests */ = {
			isa = PBXNativeTarget;
			buildConfigurationList = B95A6E5F2636A54800DF8794 /* Build configuration list for PBXNativeTarget "DogooUITests" */;
			buildPhases = (
				B95A6E4C2636A54800DF8794 /* Sources */,
				B95A6E4D2636A54800DF8794 /* Frameworks */,
				B95A6E4E2636A54800DF8794 /* Resources */,
			);
			buildRules = (
			);
			dependencies = (
				B95A6E522636A54800DF8794 /* PBXTargetDependency */,
			);
			name = DogooUITests;
			productName = DogooUITests;
			productReference = B95A6E502636A54800DF8794 /* DogooUITests.xctest */;
			productType = "com.apple.product-type.bundle.ui-testing";
		};
/* End PBXNativeTarget section */

/* Begin PBXProject section */
		B95A6E272636A54700DF8794 /* Project object */ = {
			isa = PBXProject;
			attributes = {
				LastSwiftUpdateCheck = 1240;
				LastUpgradeCheck = 1240;
				TargetAttributes = {
					B95A6E2E2636A54700DF8794 = {
						CreatedOnToolsVersion = 12.4;
					};
					B95A6E442636A54800DF8794 = {
						CreatedOnToolsVersion = 12.4;
						TestTargetID = B95A6E2E2636A54700DF8794;
					};
					B95A6E4F2636A54800DF8794 = {
						CreatedOnToolsVersion = 12.4;
						TestTargetID = B95A6E2E2636A54700DF8794;
					};
				};
			};
			buildConfigurationList = B95A6E2A2636A54700DF8794 /* Build configuration list for PBXProject "Dogoo" */;
			compatibilityVersion = "Xcode 9.3";
			developmentRegion = en;
			hasScannedForEncodings = 0;
			knownRegions = (
				en,
				Base,
			);
			mainGroup = B95A6E262636A54700DF8794;
			productRefGroup = B95A6E302636A54700DF8794 /* Products */;
			projectDirPath = "";
			projectRoot = "";
			targets = (
				B95A6E2E2636A54700DF8794 /* Dogoo */,
				B95A6E442636A54800DF8794 /* DogooTests */,
				B95A6E4F2636A54800DF8794 /* DogooUITests */,
			);
		};
/* End PBXProject section */

/* Begin PBXResourcesBuildPhase section */
		B95A6E2D2636A54700DF8794 /* Resources */ = {
			isa = PBXResourcesBuildPhase;
			buildActionMask = 2147483647;
			files = (
				B95A6E3F2636A54800DF8794 /* LaunchScreen.storyboard in Resources */,
				B95A6E3C2636A54800DF8794 /* Assets.xcassets in Resources */,
				B95A6E3A2636A54700DF8794 /* Main.storyboard in Resources */,
			);
			runOnlyForDeploymentPostprocessing = 0;
		};
		B95A6E432636A54800DF8794 /* Resources */ = {
			isa = PBXResourcesBuildPhase;
			buildActionMask = 2147483647;
			files = (
			);
			runOnlyForDeploymentPostprocessing = 0;
		};
		B95A6E4E2636A54800DF8794 /* Resources */ = {
			isa = PBXResourcesBuildPhase;
			buildActionMask = 2147483647;
			files = (
			);
			runOnlyForDeploymentPostprocessing = 0;
		};
/* End PBXResourcesBuildPhase section */

/* Begin PBXSourcesBuildPhase section */
		B95A6E2B2636A54700DF8794 /* Sources */ = {
			isa = PBXSourcesBuildPhase;
			buildActionMask = 2147483647;
			files = (
				B95A6E372636A54700DF8794 /* ViewController.swift in Sources */,
				B95A6E332636A54700DF8794 /* AppDelegate.swift in Sources */,
				B95A6E352636A54700DF8794 /* SceneDelegate.swift in Sources */,
			);
			runOnlyForDeploymentPostprocessing = 0;
		};
		B95A6E412636A54800DF8794 /* Sources */ = {
			isa = PBXSourcesBuildPhase;
			buildActionMask = 2147483647;
			files = (
				B95A6E4A2636A54800DF8794 /* DogooTests.swift in Sources */,
			);
			runOnlyForDeploymentPostprocessing = 0;
		};
		B95A6E4C2636A54800DF8794 /* Sources */ = {
			isa = PBXSourcesBuildPhase;
			buildActionMask = 2147483647;
			files = (
				B95A6E552636A54800DF8794 /* DogooUITests.swift in Sources */,
			);
			runOnlyForDeploymentPostprocessing = 0;
		};
/* End PBXSourcesBuildPhase section */

/* Begin PBXTargetDependency section */
		B95A6E472636A54800DF8794 /* PBXTargetDependency */ = {
			isa = PBXTargetDependency;
			target = B95A6E2E2636A54700DF8794 /* Dogoo */;
			targetProxy = B95A6E462636A54800DF8794 /* PBXContainerItemProxy */;
		};
		B95A6E522636A54800DF8794 /* PBXTargetDependency */ = {
			isa = PBXTargetDependency;
			target = B95A6E2E2636A54700DF8794 /* Dogoo */;
			targetProxy = B95A6E512636A54800DF8794 /* PBXContainerItemProxy */;
		};
/* End PBXTargetDependency section */

/* Begin PBXVariantGroup section */
		B95A6E382636A54700DF8794 /* Main.storyboard */ = {
			isa = PBXVariantGroup;
			children = (
				B95A6E392636A54700DF8794 /* Base */,
			);
			name = Main.storyboard;
			sourceTree = "<group>";
		};
		B95A6E3D2636A54800DF8794 /* LaunchScreen.storyboard */ = {
			isa = PBXVariantGroup;
			children = (
				B95A6E3E2636A54800DF8794 /* Base */,
			);
			name = LaunchScreen.storyboard;
			sourceTree = "<group>";
		};
/* End PBXVariantGroup section */

/* Begin XCBuildConfiguration section */
		B95A6E572636A54800DF8794 /* Debug */ = {
			isa = XCBuildConfiguration;
			buildSettings = {
				ALWAYS_SEARCH_USER_PATHS = NO;
				CLANG_ANALYZER_NONNULL = YES;
				CLANG_ANALYZER_NUMBER_OBJECT_CONVERSION = YES_AGGRESSIVE;
				CLANG_CXX_LANGUAGE_STANDARD = "gnu++14";
				CLANG_CXX_LIBRARY = "libc++";
				CLANG_ENABLE_MODULES = YES;
				CLANG_ENABLE_OBJC_ARC = YES;
				CLANG_ENABLE_OBJC_WEAK = YES;
				CLANG_WARN_BLOCK_CAPTURE_AUTORELEASING = YES;
				CLANG_WARN_BOOL_CONVERSION = YES;
				CLANG_WARN_COMMA = YES;
				CLANG_WARN_CONSTANT_CONVERSION = YES;
				CLANG_WARN_DEPRECATED_OBJC_IMPLEMENTATIONS = YES;
				CLANG_WARN_DIRECT_OBJC_ISA_USAGE = YES_ERROR;
				CLANG_WARN_DOCUMENTATION_COMMENTS = YES;
				CLANG_WARN_EMPTY_BODY = YES;
				CLANG_WARN_ENUM_CONVERSION = YES;
				CLANG_WARN_INFINITE_RECURSION = YES;
				CLANG_WARN_INT_CONVERSION = YES;
				CLANG_WARN_NON_LITERAL_NULL_CONVERSION = YES;
				CLANG_WARN_OBJC_IMPLICIT_RETAIN_SELF = YES;
				CLANG_WARN_OBJC_LITERAL_CONVERSION = YES;
				CLANG_WARN_OBJC_ROOT_CLASS = YES_ERROR;
				CLANG_WARN_QUOTED_INCLUDE_IN_FRAMEWORK_HEADER = YES;
				CLANG_WARN_RANGE_LOOP_ANALYSIS = YES;
				CLANG_WARN_STRICT_PROTOTYPES = YES;
				CLANG_WARN_SUSPICIOUS_MOVE = YES;
				CLANG_WARN_UNGUARDED_AVAILABILITY = YES_AGGRESSIVE;
				CLANG_WARN_UNREACHABLE_CODE = YES;
				CLANG_WARN__DUPLICATE_METHOD_MATCH = YES;
				COPY_PHASE_STRIP = NO;
				DEBUG_INFORMATION_FORMAT = dwarf;
				ENABLE_STRICT_OBJC_MSGSEND = YES;
				ENABLE_TESTABILITY = YES;
				GCC_C_LANGUAGE_STANDARD = gnu11;
				GCC_DYNAMIC_NO_PIC = NO;
				GCC_NO_COMMON_BLOCKS = YES;
				GCC_OPTIMIZATION_LEVEL = 0;
				GCC_PREPROCESSOR_DEFINITIONS = (
					"DEBUG=1",
					"$(inherited)",
				);
				GCC_WARN_64_TO_32_BIT_CONVERSION = YES;
				GCC_WARN_ABOUT_RETURN_TYPE = YES_ERROR;
				GCC_WARN_UNDECLARED_SELECTOR = YES;
				GCC_WARN_UNINITIALIZED_AUTOS = YES_AGGRESSIVE;
				GCC_WARN_UNUSED_FUNCTION = YES;
				GCC_WARN_UNUSED_VARIABLE = YES;
				IPHONEOS_DEPLOYMENT_TARGET = 14.4;
				MTL_ENABLE_DEBUG_INFO = INCLUDE_SOURCE;
				MTL_FAST_MATH = YES;
				ONLY_ACTIVE_ARCH = YES;
				SDKROOT = iphoneos;
				SWIFT_ACTIVE_COMPILATION_CONDITIONS = DEBUG;
				SWIFT_OPTIMIZATION_LEVEL = "-Onone";
			};
			name = Debug;
		};
		B95A6E582636A54800DF8794 /* Release */ = {
			isa = XCBuildConfiguration;
			buildSettings = {
				ALWAYS_SEARCH_USER_PATHS = NO;
				CLANG_ANALYZER_NONNULL = YES;
				CLANG_ANALYZER_NUMBER_OBJECT_CONVERSION = YES_AGGRESSIVE;
				CLANG_CXX_LANGUAGE_STANDARD = "gnu++14";
				CLANG_CXX_LIBRARY = "libc++";
				CLANG_ENABLE_MODULES = YES;
				CLANG_ENABLE_OBJC_ARC = YES;
				CLANG_ENABLE_OBJC_WEAK = YES;
				CLANG_WARN_BLOCK_CAPTURE_AUTORELEASING = YES;
				CLANG_WARN_BOOL_CONVERSION = YES;
				CLANG_WARN_COMMA = YES;
				CLANG_WARN_CONSTANT_CONVERSION = YES;
				CLANG_WARN_DEPRECATED_OBJC_IMPLEMENTATIONS = YES;
				CLANG_WARN_DIRECT_OBJC_ISA_USAGE = YES_ERROR;
				CLANG_WARN_DOCUMENTATION_COMMENTS = YES;
				CLANG_WARN_EMPTY_BODY = YES;
				CLANG_WARN_ENUM_CONVERSION = YES;
				CLANG_WARN_INFINITE_RECURSION = YES;
				CLANG_WARN_INT_CONVERSION = YES;
				CLANG_WARN_NON_LITERAL_NULL_CONVERSION = YES;
				CLANG_WARN_OBJC_IMPLICIT_RETAIN_SELF = YES;
				CLANG_WARN_OBJC_LITERAL_CONVERSION = YES;
				CLANG_WARN_OBJC_ROOT_CLASS = YES_ERROR;
				CLANG_WARN_QUOTED_INCLUDE_IN_FRAMEWORK_HEADER = YES;
				CLANG_WARN_RANGE_LOOP_ANALYSIS = YES;
				CLANG_WARN_STRICT_PROTOTYPES = YES;
				CLANG_WARN_SUSPICIOUS_MOVE = YES;
				CLANG_WARN_UNGUARDED_AVAILABILITY = YES_AGGRESSIVE;
				CLANG_WARN_UNREACHABLE_CODE = YES;
				CLANG_WARN__DUPLICATE_METHOD_MATCH = YES;
				COPY_PHASE_STRIP = NO;
				DEBUG_INFORMATION_FORMAT = "dwarf-with-dsym";
				ENABLE_NS_ASSERTIONS = NO;
				ENABLE_STRICT_OBJC_MSGSEND = YES;
				GCC_C_LANGUAGE_STANDARD = gnu11;
				GCC_NO_COMMON_BLOCKS = YES;
				GCC_WARN_64_TO_32_BIT_CONVERSION = YES;
				GCC_WARN_ABOUT_RETURN_TYPE = YES_ERROR;
				GCC_WARN_UNDECLARED_SELECTOR = YES;
				GCC_WARN_UNINITIALIZED_AUTOS = YES_AGGRESSIVE;
				GCC_WARN_UNUSED_FUNCTION = YES;
				GCC_WARN_UNUSED_VARIABLE = YES;
				IPHONEOS_DEPLOYMENT_TARGET = 14.4;
				MTL_ENABLE_DEBUG_INFO = NO;
				MTL_FAST_MATH = YES;
				SDKROOT = iphoneos;
				SWIFT_COMPILATION_MODE = wholemodule;
				SWIFT_OPTIMIZATION_LEVEL = "-O";
				VALIDATE_PRODUCT = YES;
			};
			name = Release;
		};
		B95A6E5A2636A54800DF8794 /* Debug */ = {
			isa = XCBuildConfiguration;
			buildSettings = {
				ASSETCATALOG_COMPILER_APPICON_NAME = AppIcon;
				ASSETCATALOG_COMPILER_GLOBAL_ACCENT_COLOR_NAME = AccentColor;
				CODE_SIGN_STYLE = Automatic;
				INFOPLIST_FILE = Dogoo/Info.plist;
				LD_RUNPATH_SEARCH_PATHS = (
					"$(inherited)",
					"@executable_path/Frameworks",
				);
				PRODUCT_BUNDLE_IDENTIFIER = com.kero269.Dogoo;
				PRODUCT_NAME = "$(TARGET_NAME)";
				SWIFT_VERSION = 5.0;
				TARGETED_DEVICE_FAMILY = "1,2";
			};
			name = Debug;
		};
		B95A6E5B2636A54800DF8794 /* Release */ = {
			isa = XCBuildConfiguration;
			buildSettings = {
				ASSETCATALOG_COMPILER_APPICON_NAME = AppIcon;
				ASSETCATALOG_COMPILER_GLOBAL_ACCENT_COLOR_NAME = AccentColor;
				CODE_SIGN_STYLE = Automatic;
				INFOPLIST_FILE = Dogoo/Info.plist;
				LD_RUNPATH_SEARCH_PATHS = (
					"$(inherited)",
					"@executable_path/Frameworks",
				);
				PRODUCT_BUNDLE_IDENTIFIER = com.kero269.Dogoo;
				PRODUCT_NAME = "$(TARGET_NAME)";
				SWIFT_VERSION = 5.0;
				TARGETED_DEVICE_FAMILY = "1,2";
			};
			name = Release;
		};
		B95A6E5D2636A54800DF8794 /* Debug */ = {
			isa = XCBuildConfiguration;
			buildSettings = {
				ALWAYS_EMBED_SWIFT_STANDARD_LIBRARIES = YES;
				BUNDLE_LOADER = "$(TEST_HOST)";
				CODE_SIGN_STYLE = Automatic;
				INFOPLIST_FILE = DogooTests/Info.plist;
				IPHONEOS_DEPLOYMENT_TARGET = 14.4;
				LD_RUNPATH_SEARCH_PATHS = (
					"$(inherited)",
					"@executable_path/Frameworks",
					"@loader_path/Frameworks",
				);
				PRODUCT_BUNDLE_IDENTIFIER = com.kero269.DogooTests;
				PRODUCT_NAME = "$(TARGET_NAME)";
				SWIFT_VERSION = 5.0;
				TARGETED_DEVICE_FAMILY = "1,2";
				TEST_HOST = "$(BUILT_PRODUCTS_DIR)/Dogoo.app/Dogoo";
			};
			name = Debug;
		};
		B95A6E5E2636A54800DF8794 /* Release */ = {
			isa = XCBuildConfiguration;
			buildSettings = {
				ALWAYS_EMBED_SWIFT_STANDARD_LIBRARIES = YES;
				BUNDLE_LOADER = "$(TEST_HOST)";
				CODE_SIGN_STYLE = Automatic;
				INFOPLIST_FILE = DogooTests/Info.plist;
				IPHONEOS_DEPLOYMENT_TARGET = 14.4;
				LD_RUNPATH_SEARCH_PATHS = (
					"$(inherited)",
					"@executable_path/Frameworks",
					"@loader_path/Frameworks",
				);
				PRODUCT_BUNDLE_IDENTIFIER = com.kero269.DogooTests;
				PRODUCT_NAME = "$(TARGET_NAME)";
				SWIFT_VERSION = 5.0;
				TARGETED_DEVICE_FAMILY = "1,2";
				TEST_HOST = "$(BUILT_PRODUCTS_DIR)/Dogoo.app/Dogoo";
			};
			name = Release;
		};
		B95A6E602636A54800DF8794 /* Debug */ = {
			isa = XCBuildConfiguration;
			buildSettings = {
				ALWAYS_EMBED_SWIFT_STANDARD_LIBRARIES = YES;
				CODE_SIGN_STYLE = Automatic;
				INFOPLIST_FILE = DogooUITests/Info.plist;
				LD_RUNPATH_SEARCH_PATHS = (
					"$(inherited)",
					"@executable_path/Frameworks",
					"@loader_path/Frameworks",
				);
				PRODUCT_BUNDLE_IDENTIFIER = com.kero269.DogooUITests;
				PRODUCT_NAME = "$(TARGET_NAME)";
				SWIFT_VERSION = 5.0;
				TARGETED_DEVICE_FAMILY = "1,2";
				TEST_TARGET_NAME = Dogoo;
			};
			name = Debug;
		};
		B95A6E612636A54800DF8794 /* Release */ = {
			isa = XCBuildConfiguration;
			buildSettings = {
				ALWAYS_EMBED_SWIFT_STANDARD_LIBRARIES = YES;
				CODE_SIGN_STYLE = Automatic;
				INFOPLIST_FILE = DogooUITests/Info.plist;
				LD_RUNPATH_SEARCH_PATHS = (
					"$(inherited)",
					"@executable_path/Frameworks",
					"@loader_path/Frameworks",
				);
				PRODUCT_BUNDLE_IDENTIFIER = com.kero269.DogooUITests;
				PRODUCT_NAME = "$(TARGET_NAME)";
				SWIFT_VERSION = 5.0;
				TARGETED_DEVICE_FAMILY = "1,2";
				TEST_TARGET_NAME = Dogoo;
			};
			name = Release;
		};
/* End XCBuildConfiguration section */

/* Begin XCConfigurationList section */
		B95A6E2A2636A54700DF8794 /* Build configuration list for PBXProject "Dogoo" */ = {
			isa = XCConfigurationList;
			buildConfigurations = (
				B95A6E572636A54800DF8794 /* Debug */,
				B95A6E582636A54800DF8794 /* Release */,
			);
			defaultConfigurationIsVisible = 0;
			defaultConfigurationName = Release;
		};
		B95A6E592636A54800DF8794 /* Build configuration list for PBXNativeTarget "Dogoo" */ = {
			isa = XCConfigurationList;
			buildConfigurations = (
				B95A6E5A2636A54800DF8794 /* Debug */,
				B95A6E5B2636A54800DF8794 /* Release */,
			);
			defaultConfigurationIsVisible = 0;
			defaultConfigurationName = Release;
		};
		B95A6E5C2636A54800DF8794 /* Build configuration list for PBXNativeTarget "DogooTests" */ = {
			isa = XCConfigurationList;
			buildConfigurations = (
				B95A6E5D2636A54800DF8794 /* Debug */,
				B95A6E5E2636A54800DF8794 /* Release */,
			);
			defaultConfigurationIsVisible = 0;
			defaultConfigurationName = Release;
		};
		B95A6E5F2636A54800DF8794 /* Build configuration list for PBXNativeTarget "DogooUITests" */ = {
			isa = XCConfigurationList;
			buildConfigurations = (
				B95A6E602636A54800DF8794 /* Debug */,
				B95A6E612636A54800DF8794 /* Release */,
			);
			defaultConfigurationIsVisible = 0;
			defaultConfigurationName = Release;
		};
/* End XCConfigurationList section */
	};
	rootObject = B95A6E272636A54700DF8794 /* Project object */;
}
